{
  "nodes": {
    "nixpkgs": {
      "locked": {
        "lastModified": 1681348717,
        "narHash": "sha256-DtwHmxi7BC5B0kHnCSp067tAK5AuTBTqjMFWIeWJ8IU=",
        "owner": "NixOS",
        "repo": "nixpkgs",
        "rev": "792a2a41cd4e3f65df0a5a91249d6e2fb0bcee7f",
        "type": "github"
      },
      "original": {
        "owner": "NixOS",
        "repo": "nixpkgs",
        "type": "github"
      }
    },
    "root": {
      "inputs": {
        "nixpkgs": "nixpkgs"
      }
    }
  },
  "root": "root",
  "version": 7
}
